
Microsoft Visual Studio Solution File, Format Version 12.00
# Visual Studio Version 17
VisualStudioVersion = 17.8.34322.80
MinimumVisualStudioVersion = 10.0.40219.1
Project("{FAE04EC0-301F-11D3-BF4B-00C04F79EFBC}") = "opg5oblJsonclient", "opg5oblJson\opg5oblJsonclient.csproj", "{0A71616A-EDFB-49F0-A656-66A6DC7F2F64}"
EndProject
Global
	GlobalSection(SolutionConfigurationPlatforms) = preSolution
		Debug|Any CPU = Debug|Any CPU
		Release|Any CPU = Release|Any CPU
	EndGlobalSection
	GlobalSection(ProjectConfigurationPlatforms) = postSolution
		{0A71616A-EDFB-49F0-A656-66A6DC7F2F64}.Debug|Any CPU.ActiveCfg = Debug|Any CPU
		{0A71616A-EDFB-49F0-A656-66A6DC7F2F64}.Debug|Any CPU.Build.0 = Debug|Any CPU
		{0A71616A-EDFB-49F0-A656-66A6DC7F2F64}.Release|Any CPU.ActiveCfg = Release|Any CPU
		{0A71616A-EDFB-49F0-A656-66A6DC7F2F64}.Release|Any CPU.Build.0 = Release|Any CPU
	EndGlobalSection
	GlobalSection(SolutionProperties) = preSolution
		HideSolutionNode = FALSE
	EndGlobalSection
	GlobalSection(ExtensibilityGlobals) = postSolution
		SolutionGuid = {E6E9A70D-DE93-4B76-96D5-0651227CC7DA}
	EndGlobalSection
EndGlobal
